
Microsoft Visual Studio Solution File, Format Version 12.00
# Visual Studio Version 16
VisualStudioVersion = 16.0.31911.196
MinimumVisualStudioVersion = 10.0.40219.1
Project("{FAE04EC0-301F-11D3-BF4B-00C04F79EFBC}") = "Esmond", "Esmond.csproj", "{3FB3260C-921D-4E49-BF19-69EC4E526FEB}"
EndProject
Global
	GlobalSection(SolutionConfigurationPlatforms) = preSolution
		Debug|Any CPU = Debug|Any CPU
		Release|Any CPU = Release|Any CPU
	EndGlobalSection
	GlobalSection(ProjectConfigurationPlatforms) = postSolution
		{3FB3260C-921D-4E49-BF19-69EC4E526FEB}.Debug|Any CPU.ActiveCfg = Debug|Any CPU
		{3FB3260C-921D-4E49-BF19-69EC4E526FEB}.Debug|Any CPU.Build.0 = Debug|Any CPU
		{3FB3260C-921D-4E49-BF19-69EC4E526FEB}.Release|Any CPU.ActiveCfg = Release|Any CPU
		{3FB3260C-921D-4E49-BF19-69EC4E526FEB}.Release|Any CPU.Build.0 = Release|Any CPU
	EndGlobalSection
	GlobalSection(SolutionProperties) = preSolution
		HideSolutionNode = FALSE
	EndGlobalSection
	GlobalSection(ExtensibilityGlobals) = postSolution
		SolutionGuid = {A924C9A7-B256-440C-AB63-BBC5B7CA4F8A}
	EndGlobalSection
EndGlobal
